
Microsoft Visual Studio Solution File, Format Version 9.00
# Visual Studio 2005
Project("{8BC9CEB8-8B4A-11D0-8D11-00A0C91BC942}") = "euler389", "euler389.vcproj", "{63747DB5-83FC-4697-96EC-85A8DC469F0F}"
EndProject
Global
	GlobalSection(SolutionConfigurationPlatforms) = preSolution
		Debug|Win32 = Debug|Win32
		Release|Win32 = Release|Win32
	EndGlobalSection
	GlobalSection(ProjectConfigurationPlatforms) = postSolution
		{63747DB5-83FC-4697-96EC-85A8DC469F0F}.Debug|Win32.ActiveCfg = Debug|Win32
		{63747DB5-83FC-4697-96EC-85A8DC469F0F}.Debug|Win32.Build.0 = Debug|Win32
		{63747DB5-83FC-4697-96EC-85A8DC469F0F}.Release|Win32.ActiveCfg = Release|Win32
		{63747DB5-83FC-4697-96EC-85A8DC469F0F}.Release|Win32.Build.0 = Release|Win32
	EndGlobalSection
	GlobalSection(SolutionProperties) = preSolution
		HideSolutionNode = FALSE
	EndGlobalSection
EndGlobal
