
Microsoft Visual Studio Solution File, Format Version 9.00
# Visual Studio 2005
Project("{8BC9CEB8-8B4A-11D0-8D11-00A0C91BC942}") = "euler318", "euler318.vcproj", "{E888F9C2-481D-43CA-87F9-0B50960D2ED1}"
EndProject
Global
	GlobalSection(SolutionConfigurationPlatforms) = preSolution
		Debug|Win32 = Debug|Win32
		Release|Win32 = Release|Win32
	EndGlobalSection
	GlobalSection(ProjectConfigurationPlatforms) = postSolution
		{E888F9C2-481D-43CA-87F9-0B50960D2ED1}.Debug|Win32.ActiveCfg = Debug|Win32
		{E888F9C2-481D-43CA-87F9-0B50960D2ED1}.Debug|Win32.Build.0 = Debug|Win32
		{E888F9C2-481D-43CA-87F9-0B50960D2ED1}.Release|Win32.ActiveCfg = Release|Win32
		{E888F9C2-481D-43CA-87F9-0B50960D2ED1}.Release|Win32.Build.0 = Release|Win32
	EndGlobalSection
	GlobalSection(SolutionProperties) = preSolution
		HideSolutionNode = FALSE
	EndGlobalSection
EndGlobal
